
Microsoft Visual Studio Solution File, Format Version 12.00
# Visual Studio Version 17
VisualStudioVersion = 17.6.33723.286
MinimumVisualStudioVersion = 10.0.40219.1
Project("{9A19103F-16F7-4668-BE54-9A1E7A4F7556}") = "Prontuario.Aplicacao", "Prontuario.Aplicacao\Prontuario.Aplicacao.csproj", "{694B0D3D-453B-4D65-AB38-39FE85E9BF3B}"
EndProject
Project("{9A19103F-16F7-4668-BE54-9A1E7A4F7556}") = "Prontuario.Dominio", "Prontuario.Dominio\Prontuario.Dominio.csproj", "{117F3CCA-3F5E-401A-BA73-A8606AFF013F}"
EndProject
Project("{9A19103F-16F7-4668-BE54-9A1E7A4F7556}") = "Prontuario.Infra", "Prontuario.Infra\Prontuario.Infra.csproj", "{71BA5994-AFEB-41B2-8C5A-0528A28E781B}"
EndProject
Project("{9A19103F-16F7-4668-BE54-9A1E7A4F7556}") = "Prontuario.Repositorio", "Prontuario.Repositorio\Prontuario.Repositorio.csproj", "{585D1C0A-BE34-4A44-AA33-C6C52006A14A}"
EndProject
Project("{FAE04EC0-301F-11D3-BF4B-00C04F79EFBC}") = "Prontuario.Api", "Prontuario.Api\Prontuario.Api.csproj", "{17211C80-3C39-4C5E-B68C-90E04404A211}"
EndProject
Global
	GlobalSection(SolutionConfigurationPlatforms) = preSolution
		Debug|Any CPU = Debug|Any CPU
		Release|Any CPU = Release|Any CPU
	EndGlobalSection
	GlobalSection(ProjectConfigurationPlatforms) = postSolution
		{694B0D3D-453B-4D65-AB38-39FE85E9BF3B}.Debug|Any CPU.ActiveCfg = Debug|Any CPU
		{694B0D3D-453B-4D65-AB38-39FE85E9BF3B}.Debug|Any CPU.Build.0 = Debug|Any CPU
		{694B0D3D-453B-4D65-AB38-39FE85E9BF3B}.Release|Any CPU.ActiveCfg = Release|Any CPU
		{694B0D3D-453B-4D65-AB38-39FE85E9BF3B}.Release|Any CPU.Build.0 = Release|Any CPU
		{117F3CCA-3F5E-401A-BA73-A8606AFF013F}.Debug|Any CPU.ActiveCfg = Debug|Any CPU
		{117F3CCA-3F5E-401A-BA73-A8606AFF013F}.Debug|Any CPU.Build.0 = Debug|Any CPU
		{117F3CCA-3F5E-401A-BA73-A8606AFF013F}.Release|Any CPU.ActiveCfg = Release|Any CPU
		{117F3CCA-3F5E-401A-BA73-A8606AFF013F}.Release|Any CPU.Build.0 = Release|Any CPU
		{71BA5994-AFEB-41B2-8C5A-0528A28E781B}.Debug|Any CPU.ActiveCfg = Debug|Any CPU
		{71BA5994-AFEB-41B2-8C5A-0528A28E781B}.Debug|Any CPU.Build.0 = Debug|Any CPU
		{71BA5994-AFEB-41B2-8C5A-0528A28E781B}.Release|Any CPU.ActiveCfg = Release|Any CPU
		{71BA5994-AFEB-41B2-8C5A-0528A28E781B}.Release|Any CPU.Build.0 = Release|Any CPU
		{585D1C0A-BE34-4A44-AA33-C6C52006A14A}.Debug|Any CPU.ActiveCfg = Debug|Any CPU
		{585D1C0A-BE34-4A44-AA33-C6C52006A14A}.Debug|Any CPU.Build.0 = Debug|Any CPU
		{585D1C0A-BE34-4A44-AA33-C6C52006A14A}.Release|Any CPU.ActiveCfg = Release|Any CPU
		{585D1C0A-BE34-4A44-AA33-C6C52006A14A}.Release|Any CPU.Build.0 = Release|Any CPU
		{17211C80-3C39-4C5E-B68C-90E04404A211}.Debug|Any CPU.ActiveCfg = Debug|Any CPU
		{17211C80-3C39-4C5E-B68C-90E04404A211}.Debug|Any CPU.Build.0 = Debug|Any CPU
		{17211C80-3C39-4C5E-B68C-90E04404A211}.Release|Any CPU.ActiveCfg = Release|Any CPU
		{17211C80-3C39-4C5E-B68C-90E04404A211}.Release|Any CPU.Build.0 = Release|Any CPU
	EndGlobalSection
	GlobalSection(SolutionProperties) = preSolution
		HideSolutionNode = FALSE
	EndGlobalSection
	GlobalSection(ExtensibilityGlobals) = postSolution
		SolutionGuid = {5EB389DD-54F2-4C35-B853-E37143136599}
	EndGlobalSection
EndGlobal
